<?xml version="1.0" encoding="utf-8"?>
<Project ToolsVersion="4.0" xmlns="http://schemas.microsoft.com/developer/msbuild/2003">
  <ItemGroup>
    <Filter Include="소스 파일">
      <UniqueIdentifier>{4FC737F1-C7A5-4376-A066-2A32D752A2FF}</UniqueIdentifier>
      <Extensions>cpp;c;cc;cxx;c++;cppm;ixx;def;odl;idl;hpj;bat;asm;asmx</Extensions>
    </Filter>
    <Filter Include="헤더 파일">
      <UniqueIdentifier>{93995380-89BD-4b04-88EB-625FBE52EBFB}</UniqueIdentifier>
      <Extensions>h;hh;hpp;hxx;h++;hm;inl;inc;ipp;xsd</Extensions>
    </Filter>
    <Filter Include="리소스 파일">
      <UniqueIdentifier>{67DA6AB6-F800-4c08-8B7A-83BB121AAD01}</UniqueIdentifier>
      <Extensions>rc;ico;cur;bmp;dlg;rc2;rct;bin;rgs;gif;jpg;jpeg;jpe;resx;tiff;tif;png;wav;mfcribbon-ms</Extensions>
    </Filter>
  </ItemGroup>
  <ItemGroup>
    <ClInclude Include="JettingVision.h">
      <Filter>헤더 파일</Filter>
    </ClInclude>
    <ClInclude Include="JettingVisionDlg.h">
      <Filter>헤더 파일</Filter>
    </ClInclude>
    <ClInclude Include="framework.h">
      <Filter>헤더 파일</Filter>
    </ClInclude>
    <ClInclude Include="targetver.h">
      <Filter>헤더 파일</Filter>
    </ClInclude>
    <ClInclude Include="Resource.h">
      <Filter>헤더 파일</Filter>
    </ClInclude>
    <ClInclude Include="pch.h">
      <Filter>헤더 파일</Filter>
    </ClInclude>
    <ClInclude Include="SettingMotion.h">
      <Filter>헤더 파일</Filter>
    </ClInclude>
    <ClInclude Include="SettingVision.h">
      <Filter>헤더 파일</Filter>
    </ClInclude>
    <ClInclude Include="ViewerCam1.h">
      <Filter>헤더 파일</Filter>
    </ClInclude>
    <ClInclude Include="ViewerCam2.h">
      <Filter>헤더 파일</Filter>
    </ClInclude>
    <ClInclude Include="connect_Baumer.h">
      <Filter>헤더 파일</Filter>
    </ClInclude>
    <ClInclude Include="ACSMotion.h">
      <Filter>헤더 파일</Filter>
    </ClInclude>
    <ClInclude Include="CriticalG.h">
      <Filter>헤더 파일</Filter>
    </ClInclude>
    <ClInclude Include="PopupAlarm.h">
      <Filter>헤더 파일</Filter>
    </ClInclude>
    <ClInclude Include="CommThread.h">
      <Filter>헤더 파일</Filter>
    </ClInclude>
    <ClInclude Include="MotionCycle.h">
      <Filter>헤더 파일</Filter>
    </ClInclude>
  </ItemGroup>
  <ItemGroup>
    <ClCompile Include="JettingVision.cpp">
      <Filter>소스 파일</Filter>
    </ClCompile>
    <ClCompile Include="JettingVisionDlg.cpp">
      <Filter>소스 파일</Filter>
    </ClCompile>
    <ClCompile Include="pch.cpp">
      <Filter>소스 파일</Filter>
    </ClCompile>
    <ClCompile Include="SettingMotion.cpp">
      <Filter>소스 파일</Filter>
    </ClCompile>
    <ClCompile Include="SettingVision.cpp">
      <Filter>소스 파일</Filter>
    </ClCompile>
    <ClCompile Include="ViewerCam1.cpp">
      <Filter>소스 파일</Filter>
    </ClCompile>
    <ClCompile Include="ViewerCam2.cpp">
      <Filter>소스 파일</Filter>
    </ClCompile>
    <ClCompile Include="connect_Baumer.cpp">
      <Filter>소스 파일</Filter>
    </ClCompile>
    <ClCompile Include="ACSMotion.cpp">
      <Filter>소스 파일</Filter>
    </ClCompile>
    <ClCompile Include="CriticalG.cpp">
      <Filter>소스 파일</Filter>
    </ClCompile>
    <ClCompile Include="PopupAlarm.cpp">
      <Filter>소스 파일</Filter>
    </ClCompile>
    <ClCompile Include="CommThread.cpp">
      <Filter>소스 파일</Filter>
    </ClCompile>
    <ClCompile Include="MotionCycle.cpp">
      <Filter>소스 파일</Filter>
    </ClCompile>
  </ItemGroup>
  <ItemGroup>
    <ResourceCompile Include="JettingVision.rc">
      <Filter>리소스 파일</Filter>
    </ResourceCompile>
  </ItemGroup>
  <ItemGroup>
    <None Include="res\JettingVision.rc2">
      <Filter>리소스 파일</Filter>
    </None>
  </ItemGroup>
  <ItemGroup>
    <Image Include="res\JettingVision.ico">
      <Filter>리소스 파일</Filter>
    </Image>
    <Image Include="res\green.ico">
      <Filter>리소스 파일</Filter>
    </Image>
    <Image Include="res\red.ico">
      <Filter>리소스 파일</Filter>
    </Image>
    <Image Include="res\GREEN.bmp">
      <Filter>리소스 파일</Filter>
    </Image>
    <Image Include="res\RED.bmp">
      <Filter>리소스 파일</Filter>
    </Image>
    <Image Include="res\yellow.bmp">
      <Filter>리소스 파일</Filter>
    </Image>
    <Image Include="res\line_off.bmp">
      <Filter>리소스 파일</Filter>
    </Image>
    <Image Include="res\line_on.bmp">
      <Filter>리소스 파일</Filter>
    </Image>
    <Image Include="res\measure_off.bmp">
      <Filter>리소스 파일</Filter>
    </Image>
    <Image Include="res\measure_on.bmp">
      <Filter>리소스 파일</Filter>
    </Image>
    <Image Include="res\rectangle_off.bmp">
      <Filter>리소스 파일</Filter>
    </Image>
    <Image Include="res\rectangle_on.bmp">
      <Filter>리소스 파일</Filter>
    </Image>
    <Image Include="res\clear.bmp">
      <Filter>리소스 파일</Filter>
    </Image>
  </ItemGroup>
</Project>